
Microsoft Visual Studio Solution File, Format Version 12.00
# Visual Studio Version 16
VisualStudioVersion = 16.0.28803.156
MinimumVisualStudioVersion = 10.0.40219.1
Project("{8BC9CEB8-8B4A-11D0-8D11-00A0C91BC942}") = "TestHarnessProject", "TestHarnessProject.vcxproj", "{4301926A-7687-417F-8B8D-E321EAFC0E30}"
EndProject
Project("{8BC9CEB8-8B4A-11D0-8D11-00A0C91BC942}") = "TestFiles", "TestFiles\TestFiles.vcxproj", "{0AEE958E-AB47-4E04-B475-E1C9B826B9B0}"
EndProject
Project("{8BC9CEB8-8B4A-11D0-8D11-00A0C91BC942}") = "Executive", "Executive\Executive.vcxproj", "{4926215E-EB5A-47AB-8801-11A4B7B1518F}"
EndProject
Project("{8BC9CEB8-8B4A-11D0-8D11-00A0C91BC942}") = "TestHarness", "TestHarness\TestHarness.vcxproj", "{F00CECC3-5FD5-4073-A625-0C4E15A201EB}"
EndProject
Project("{8BC9CEB8-8B4A-11D0-8D11-00A0C91BC942}") = "Logger", "Logger\Logger.vcxproj", "{66D2C764-9DA8-4505-B869-8E84E8968F7C}"
EndProject
Project("{8BC9CEB8-8B4A-11D0-8D11-00A0C91BC942}") = "TestLibrary", "TestLibrary\TestLibrary.vcxproj", "{AFA9C258-D259-4B95-AF0C-AC50DF2FCAD6}"
EndProject
Project("{8BC9CEB8-8B4A-11D0-8D11-00A0C91BC942}") = "Cpp11-BlockingQueue", "Cpp11-BlockingQueue\Cpp11-BlockingQueue.vcxproj", "{9EFC55B0-E8E8-443D-920F-C09D0AF54185}"
EndProject
Project("{8BC9CEB8-8B4A-11D0-8D11-00A0C91BC942}") = "Utilities", "Utilities\Utilities.vcxproj", "{462B43B2-8B13-4178-BF2A-903F76F1985C}"
EndProject
Project("{8BC9CEB8-8B4A-11D0-8D11-00A0C91BC942}") = "FileSystem", "FileSystem\FileSystem.vcxproj", "{804E94B8-5C28-4794-A58B-15E0C2A238B1}"
EndProject
Project("{8BC9CEB8-8B4A-11D0-8D11-00A0C91BC942}") = "Sockets", "Sockets\Sockets.vcxproj", "{CA3129B8-1BF4-44C9-B116-53EC72D0BCCB}"
EndProject
Project("{8BC9CEB8-8B4A-11D0-8D11-00A0C91BC942}") = "Client", "Client\Client.vcxproj", "{601ED277-4A15-4C89-A4AB-7330E5C8DB7F}"
EndProject
Project("{8BC9CEB8-8B4A-11D0-8D11-00A0C91BC942}") = "Server", "Server\Server.vcxproj", "{E35F0908-C16E-4A87-AE94-375B3CF114D7}"
EndProject
Project("{8BC9CEB8-8B4A-11D0-8D11-00A0C91BC942}") = "MessagePassingComm", "MessagePassingComm\MessagePassingComm.vcxproj", "{4DB86CBC-E459-48B0-A4C2-430640C71662}"
EndProject
Project("{8BC9CEB8-8B4A-11D0-8D11-00A0C91BC942}") = "Message", "Message\Message.vcxproj", "{F6581959-6720-425C-8FBB-437B8C494B2E}"
EndProject
Project("{8BC9CEB8-8B4A-11D0-8D11-00A0C91BC942}") = "zWindowsHelpers", "WindowsHelpers\zWindowsHelpers.vcxproj", "{3407BBC5-5BC7-4BD7-860D-CBC24715737B}"
EndProject
Project("{8BC9CEB8-8B4A-11D0-8D11-00A0C91BC942}") = "XMLreader", "XMLreader\XMLreader.vcxproj", "{BFDF9553-3F8C-4F59-8D00-C3166E112C4E}"
EndProject
Project("{8BC9CEB8-8B4A-11D0-8D11-00A0C91BC942}") = "StaticBlockingQueue", "StaticBlockingQueue\StaticBlockingQueue.vcxproj", "{92765B50-04E5-44C3-83B3-DFE6ADD35663}"
EndProject
Project("{8BC9CEB8-8B4A-11D0-8D11-00A0C91BC942}") = "HttpMessage", "HttpMessage\HttpMessage.vcxproj", "{CB7EC8E4-C4A5-4E0F-82C7-C94BD81CF080}"
EndProject
Global
	GlobalSection(SolutionConfigurationPlatforms) = preSolution
		Debug|x64 = Debug|x64
		Debug|x86 = Debug|x86
		Release|x64 = Release|x64
		Release|x86 = Release|x86
	EndGlobalSection
	GlobalSection(ProjectConfigurationPlatforms) = postSolution
		{4301926A-7687-417F-8B8D-E321EAFC0E30}.Debug|x64.ActiveCfg = Debug|x64
		{4301926A-7687-417F-8B8D-E321EAFC0E30}.Debug|x64.Build.0 = Debug|x64
		{4301926A-7687-417F-8B8D-E321EAFC0E30}.Debug|x86.ActiveCfg = Debug|Win32
		{4301926A-7687-417F-8B8D-E321EAFC0E30}.Debug|x86.Build.0 = Debug|Win32
		{4301926A-7687-417F-8B8D-E321EAFC0E30}.Release|x64.ActiveCfg = Release|x64
		{4301926A-7687-417F-8B8D-E321EAFC0E30}.Release|x64.Build.0 = Release|x64
		{4301926A-7687-417F-8B8D-E321EAFC0E30}.Release|x86.ActiveCfg = Release|Win32
		{4301926A-7687-417F-8B8D-E321EAFC0E30}.Release|x86.Build.0 = Release|Win32
		{0AEE958E-AB47-4E04-B475-E1C9B826B9B0}.Debug|x64.ActiveCfg = Debug|x64
		{0AEE958E-AB47-4E04-B475-E1C9B826B9B0}.Debug|x64.Build.0 = Debug|x64
		{0AEE958E-AB47-4E04-B475-E1C9B826B9B0}.Debug|x86.ActiveCfg = Debug|Win32
		{0AEE958E-AB47-4E04-B475-E1C9B826B9B0}.Debug|x86.Build.0 = Debug|Win32
		{0AEE958E-AB47-4E04-B475-E1C9B826B9B0}.Release|x64.ActiveCfg = Release|x64
		{0AEE958E-AB47-4E04-B475-E1C9B826B9B0}.Release|x64.Build.0 = Release|x64
		{0AEE958E-AB47-4E04-B475-E1C9B826B9B0}.Release|x86.ActiveCfg = Release|Win32
		{0AEE958E-AB47-4E04-B475-E1C9B826B9B0}.Release|x86.Build.0 = Release|Win32
		{4926215E-EB5A-47AB-8801-11A4B7B1518F}.Debug|x64.ActiveCfg = Debug|x64
		{4926215E-EB5A-47AB-8801-11A4B7B1518F}.Debug|x64.Build.0 = Debug|x64
		{4926215E-EB5A-47AB-8801-11A4B7B1518F}.Debug|x86.ActiveCfg = Debug|Win32
		{4926215E-EB5A-47AB-8801-11A4B7B1518F}.Debug|x86.Build.0 = Debug|Win32
		{4926215E-EB5A-47AB-8801-11A4B7B1518F}.Release|x64.ActiveCfg = Release|x64
		{4926215E-EB5A-47AB-8801-11A4B7B1518F}.Release|x64.Build.0 = Release|x64
		{4926215E-EB5A-47AB-8801-11A4B7B1518F}.Release|x86.ActiveCfg = Release|Win32
		{4926215E-EB5A-47AB-8801-11A4B7B1518F}.Release|x86.Build.0 = Release|Win32
		{F00CECC3-5FD5-4073-A625-0C4E15A201EB}.Debug|x64.ActiveCfg = Debug|x64
		{F00CECC3-5FD5-4073-A625-0C4E15A201EB}.Debug|x64.Build.0 = Debug|x64
		{F00CECC3-5FD5-4073-A625-0C4E15A201EB}.Debug|x86.ActiveCfg = Debug|Win32
		{F00CECC3-5FD5-4073-A625-0C4E15A201EB}.Debug|x86.Build.0 = Debug|Win32
		{F00CECC3-5FD5-4073-A625-0C4E15A201EB}.Release|x64.ActiveCfg = Release|x64
		{F00CECC3-5FD5-4073-A625-0C4E15A201EB}.Release|x64.Build.0 = Release|x64
		{F00CECC3-5FD5-4073-A625-0C4E15A201EB}.Release|x86.ActiveCfg = Release|Win32
		{F00CECC3-5FD5-4073-A625-0C4E15A201EB}.Release|x86.Build.0 = Release|Win32
		{66D2C764-9DA8-4505-B869-8E84E8968F7C}.Debug|x64.ActiveCfg = Debug|x64
		{66D2C764-9DA8-4505-B869-8E84E8968F7C}.Debug|x64.Build.0 = Debug|x64
		{66D2C764-9DA8-4505-B869-8E84E8968F7C}.Debug|x86.ActiveCfg = Debug|Win32
		{66D2C764-9DA8-4505-B869-8E84E8968F7C}.Debug|x86.Build.0 = Debug|Win32
		{66D2C764-9DA8-4505-B869-8E84E8968F7C}.Release|x64.ActiveCfg = Release|x64
		{66D2C764-9DA8-4505-B869-8E84E8968F7C}.Release|x64.Build.0 = Release|x64
		{66D2C764-9DA8-4505-B869-8E84E8968F7C}.Release|x86.ActiveCfg = Release|Win32
		{66D2C764-9DA8-4505-B869-8E84E8968F7C}.Release|x86.Build.0 = Release|Win32
		{AFA9C258-D259-4B95-AF0C-AC50DF2FCAD6}.Debug|x64.ActiveCfg = Debug|x64
		{AFA9C258-D259-4B95-AF0C-AC50DF2FCAD6}.Debug|x64.Build.0 = Debug|x64
		{AFA9C258-D259-4B95-AF0C-AC50DF2FCAD6}.Debug|x86.ActiveCfg = Debug|Win32
		{AFA9C258-D259-4B95-AF0C-AC50DF2FCAD6}.Debug|x86.Build.0 = Debug|Win32
		{AFA9C258-D259-4B95-AF0C-AC50DF2FCAD6}.Release|x64.ActiveCfg = Release|x64
		{AFA9C258-D259-4B95-AF0C-AC50DF2FCAD6}.Release|x64.Build.0 = Release|x64
		{AFA9C258-D259-4B95-AF0C-AC50DF2FCAD6}.Release|x86.ActiveCfg = Release|Win32
		{AFA9C258-D259-4B95-AF0C-AC50DF2FCAD6}.Release|x86.Build.0 = Release|Win32
		{9EFC55B0-E8E8-443D-920F-C09D0AF54185}.Debug|x64.ActiveCfg = Debug|x64
		{9EFC55B0-E8E8-443D-920F-C09D0AF54185}.Debug|x64.Build.0 = Debug|x64
		{9EFC55B0-E8E8-443D-920F-C09D0AF54185}.Debug|x86.ActiveCfg = Debug|Win32
		{9EFC55B0-E8E8-443D-920F-C09D0AF54185}.Debug|x86.Build.0 = Debug|Win32
		{9EFC55B0-E8E8-443D-920F-C09D0AF54185}.Release|x64.ActiveCfg = Release|x64
		{9EFC55B0-E8E8-443D-920F-C09D0AF54185}.Release|x64.Build.0 = Release|x64
		{9EFC55B0-E8E8-443D-920F-C09D0AF54185}.Release|x86.ActiveCfg = Release|Win32
		{9EFC55B0-E8E8-443D-920F-C09D0AF54185}.Release|x86.Build.0 = Release|Win32
		{462B43B2-8B13-4178-BF2A-903F76F1985C}.Debug|x64.ActiveCfg = Debug|x64
		{462B43B2-8B13-4178-BF2A-903F76F1985C}.Debug|x64.Build.0 = Debug|x64
		{462B43B2-8B13-4178-BF2A-903F76F1985C}.Debug|x86.ActiveCfg = Debug|Win32
		{462B43B2-8B13-4178-BF2A-903F76F1985C}.Debug|x86.Build.0 = Debug|Win32
		{462B43B2-8B13-4178-BF2A-903F76F1985C}.Release|x64.ActiveCfg = Release|x64
		{462B43B2-8B13-4178-BF2A-903F76F1985C}.Release|x64.Build.0 = Release|x64
		{462B43B2-8B13-4178-BF2A-903F76F1985C}.Release|x86.ActiveCfg = Release|Win32
		{462B43B2-8B13-4178-BF2A-903F76F1985C}.Release|x86.Build.0 = Release|Win32
		{804E94B8-5C28-4794-A58B-15E0C2A238B1}.Debug|x64.ActiveCfg = Debug|x64
		{804E94B8-5C28-4794-A58B-15E0C2A238B1}.Debug|x64.Build.0 = Debug|x64
		{804E94B8-5C28-4794-A58B-15E0C2A238B1}.Debug|x86.ActiveCfg = Debug|Win32
		{804E94B8-5C28-4794-A58B-15E0C2A238B1}.Debug|x86.Build.0 = Debug|Win32
		{804E94B8-5C28-4794-A58B-15E0C2A238B1}.Release|x64.ActiveCfg = Release|x64
		{804E94B8-5C28-4794-A58B-15E0C2A238B1}.Release|x64.Build.0 = Release|x64
		{804E94B8-5C28-4794-A58B-15E0C2A238B1}.Release|x86.ActiveCfg = Release|Win32
		{804E94B8-5C28-4794-A58B-15E0C2A238B1}.Release|x86.Build.0 = Release|Win32
		{CA3129B8-1BF4-44C9-B116-53EC72D0BCCB}.Debug|x64.ActiveCfg = Debug|Win32
		{CA3129B8-1BF4-44C9-B116-53EC72D0BCCB}.Debug|x86.ActiveCfg = Debug|Win32
		{CA3129B8-1BF4-44C9-B116-53EC72D0BCCB}.Debug|x86.Build.0 = Debug|Win32
		{CA3129B8-1BF4-44C9-B116-53EC72D0BCCB}.Release|x64.ActiveCfg = Release|Win32
		{CA3129B8-1BF4-44C9-B116-53EC72D0BCCB}.Release|x86.ActiveCfg = Release|Win32
		{CA3129B8-1BF4-44C9-B116-53EC72D0BCCB}.Release|x86.Build.0 = Release|Win32
		{601ED277-4A15-4C89-A4AB-7330E5C8DB7F}.Debug|x64.ActiveCfg = Debug|x64
		{601ED277-4A15-4C89-A4AB-7330E5C8DB7F}.Debug|x64.Build.0 = Debug|x64
		{601ED277-4A15-4C89-A4AB-7330E5C8DB7F}.Debug|x86.ActiveCfg = Debug|Win32
		{601ED277-4A15-4C89-A4AB-7330E5C8DB7F}.Debug|x86.Build.0 = Debug|Win32
		{601ED277-4A15-4C89-A4AB-7330E5C8DB7F}.Release|x64.ActiveCfg = Release|x64
		{601ED277-4A15-4C89-A4AB-7330E5C8DB7F}.Release|x64.Build.0 = Release|x64
		{601ED277-4A15-4C89-A4AB-7330E5C8DB7F}.Release|x86.ActiveCfg = Release|Win32
		{601ED277-4A15-4C89-A4AB-7330E5C8DB7F}.Release|x86.Build.0 = Release|Win32
		{E35F0908-C16E-4A87-AE94-375B3CF114D7}.Debug|x64.ActiveCfg = Debug|x64
		{E35F0908-C16E-4A87-AE94-375B3CF114D7}.Debug|x64.Build.0 = Debug|x64
		{E35F0908-C16E-4A87-AE94-375B3CF114D7}.Debug|x86.ActiveCfg = Debug|Win32
		{E35F0908-C16E-4A87-AE94-375B3CF114D7}.Debug|x86.Build.0 = Debug|Win32
		{E35F0908-C16E-4A87-AE94-375B3CF114D7}.Release|x64.ActiveCfg = Release|x64
		{E35F0908-C16E-4A87-AE94-375B3CF114D7}.Release|x64.Build.0 = Release|x64
		{E35F0908-C16E-4A87-AE94-375B3CF114D7}.Release|x86.ActiveCfg = Release|Win32
		{E35F0908-C16E-4A87-AE94-375B3CF114D7}.Release|x86.Build.0 = Release|Win32
		{4DB86CBC-E459-48B0-A4C2-430640C71662}.Debug|x64.ActiveCfg = Debug|x64
		{4DB86CBC-E459-48B0-A4C2-430640C71662}.Debug|x64.Build.0 = Debug|x64
		{4DB86CBC-E459-48B0-A4C2-430640C71662}.Debug|x86.ActiveCfg = Debug|Win32
		{4DB86CBC-E459-48B0-A4C2-430640C71662}.Debug|x86.Build.0 = Debug|Win32
		{4DB86CBC-E459-48B0-A4C2-430640C71662}.Release|x64.ActiveCfg = Release|x64
		{4DB86CBC-E459-48B0-A4C2-430640C71662}.Release|x64.Build.0 = Release|x64
		{4DB86CBC-E459-48B0-A4C2-430640C71662}.Release|x86.ActiveCfg = Release|Win32
		{4DB86CBC-E459-48B0-A4C2-430640C71662}.Release|x86.Build.0 = Release|Win32
		{F6581959-6720-425C-8FBB-437B8C494B2E}.Debug|x64.ActiveCfg = Debug|x64
		{F6581959-6720-425C-8FBB-437B8C494B2E}.Debug|x64.Build.0 = Debug|x64
		{F6581959-6720-425C-8FBB-437B8C494B2E}.Debug|x86.ActiveCfg = Debug|Win32
		{F6581959-6720-425C-8FBB-437B8C494B2E}.Debug|x86.Build.0 = Debug|Win32
		{F6581959-6720-425C-8FBB-437B8C494B2E}.Release|x64.ActiveCfg = Release|x64
		{F6581959-6720-425C-8FBB-437B8C494B2E}.Release|x64.Build.0 = Release|x64
		{F6581959-6720-425C-8FBB-437B8C494B2E}.Release|x86.ActiveCfg = Release|Win32
		{F6581959-6720-425C-8FBB-437B8C494B2E}.Release|x86.Build.0 = Release|Win32
		{3407BBC5-5BC7-4BD7-860D-CBC24715737B}.Debug|x64.ActiveCfg = Debug|Win32
		{3407BBC5-5BC7-4BD7-860D-CBC24715737B}.Debug|x86.ActiveCfg = Debug|Win32
		{3407BBC5-5BC7-4BD7-860D-CBC24715737B}.Debug|x86.Build.0 = Debug|Win32
		{3407BBC5-5BC7-4BD7-860D-CBC24715737B}.Release|x64.ActiveCfg = Release|Win32
		{3407BBC5-5BC7-4BD7-860D-CBC24715737B}.Release|x86.ActiveCfg = Release|Win32
		{3407BBC5-5BC7-4BD7-860D-CBC24715737B}.Release|x86.Build.0 = Release|Win32
		{BFDF9553-3F8C-4F59-8D00-C3166E112C4E}.Debug|x64.ActiveCfg = Debug|x64
		{BFDF9553-3F8C-4F59-8D00-C3166E112C4E}.Debug|x64.Build.0 = Debug|x64
		{BFDF9553-3F8C-4F59-8D00-C3166E112C4E}.Debug|x86.ActiveCfg = Debug|Win32
		{BFDF9553-3F8C-4F59-8D00-C3166E112C4E}.Debug|x86.Build.0 = Debug|Win32
		{BFDF9553-3F8C-4F59-8D00-C3166E112C4E}.Release|x64.ActiveCfg = Release|x64
		{BFDF9553-3F8C-4F59-8D00-C3166E112C4E}.Release|x64.Build.0 = Release|x64
		{BFDF9553-3F8C-4F59-8D00-C3166E112C4E}.Release|x86.ActiveCfg = Release|Win32
		{BFDF9553-3F8C-4F59-8D00-C3166E112C4E}.Release|x86.Build.0 = Release|Win32
		{92765B50-04E5-44C3-83B3-DFE6ADD35663}.Debug|x64.ActiveCfg = Debug|x64
		{92765B50-04E5-44C3-83B3-DFE6ADD35663}.Debug|x64.Build.0 = Debug|x64
		{92765B50-04E5-44C3-83B3-DFE6ADD35663}.Debug|x86.ActiveCfg = Debug|Win32
		{92765B50-04E5-44C3-83B3-DFE6ADD35663}.Debug|x86.Build.0 = Debug|Win32
		{92765B50-04E5-44C3-83B3-DFE6ADD35663}.Release|x64.ActiveCfg = Release|x64
		{92765B50-04E5-44C3-83B3-DFE6ADD35663}.Release|x64.Build.0 = Release|x64
		{92765B50-04E5-44C3-83B3-DFE6ADD35663}.Release|x86.ActiveCfg = Release|Win32
		{92765B50-04E5-44C3-83B3-DFE6ADD35663}.Release|x86.Build.0 = Release|Win32
		{CB7EC8E4-C4A5-4E0F-82C7-C94BD81CF080}.Debug|x64.ActiveCfg = Debug|x64
		{CB7EC8E4-C4A5-4E0F-82C7-C94BD81CF080}.Debug|x64.Build.0 = Debug|x64
		{CB7EC8E4-C4A5-4E0F-82C7-C94BD81CF080}.Debug|x86.ActiveCfg = Debug|Win32
		{CB7EC8E4-C4A5-4E0F-82C7-C94BD81CF080}.Debug|x86.Build.0 = Debug|Win32
		{CB7EC8E4-C4A5-4E0F-82C7-C94BD81CF080}.Release|x64.ActiveCfg = Release|x64
		{CB7EC8E4-C4A5-4E0F-82C7-C94BD81CF080}.Release|x64.Build.0 = Release|x64
		{CB7EC8E4-C4A5-4E0F-82C7-C94BD81CF080}.Release|x86.ActiveCfg = Release|Win32
		{CB7EC8E4-C4A5-4E0F-82C7-C94BD81CF080}.Release|x86.Build.0 = Release|Win32
	EndGlobalSection
	GlobalSection(SolutionProperties) = preSolution
		HideSolutionNode = FALSE
	EndGlobalSection
	GlobalSection(ExtensibilityGlobals) = postSolution
		SolutionGuid = {8059437E-2EE5-44D8-8728-D891C69A27BB}
	EndGlobalSection
EndGlobal
