
Microsoft Visual Studio Solution File, Format Version 12.00
# Visual Studio Version 16
VisualStudioVersion = 16.0.29009.5
MinimumVisualStudioVersion = 10.0.40219.1
Project("{8BC9CEB8-8B4A-11D0-8D11-00A0C91BC942}") = "MFCApplication", "MFCApplication\MFCApplication.vcxproj", "{930B53DE-0CAE-49E7-A401-8DB9C8A0F532}"
EndProject
Global
	GlobalSection(SolutionConfigurationPlatforms) = preSolution
		Debug|x64 = Debug|x64
		Debug|x86 = Debug|x86
		Release|x64 = Release|x64
		Release|x86 = Release|x86
	EndGlobalSection
	GlobalSection(ProjectConfigurationPlatforms) = postSolution
		{930B53DE-0CAE-49E7-A401-8DB9C8A0F532}.Debug|x64.ActiveCfg = Debug|x64
		{930B53DE-0CAE-49E7-A401-8DB9C8A0F532}.Debug|x64.Build.0 = Debug|x64
		{930B53DE-0CAE-49E7-A401-8DB9C8A0F532}.Debug|x86.ActiveCfg = Debug|Win32
		{930B53DE-0CAE-49E7-A401-8DB9C8A0F532}.Debug|x86.Build.0 = Debug|Win32
		{930B53DE-0CAE-49E7-A401-8DB9C8A0F532}.Release|x64.ActiveCfg = Release|x64
		{930B53DE-0CAE-49E7-A401-8DB9C8A0F532}.Release|x64.Build.0 = Release|x64
		{930B53DE-0CAE-49E7-A401-8DB9C8A0F532}.Release|x86.ActiveCfg = Release|Win32
		{930B53DE-0CAE-49E7-A401-8DB9C8A0F532}.Release|x86.Build.0 = Release|Win32
	EndGlobalSection
	GlobalSection(SolutionProperties) = preSolution
		HideSolutionNode = FALSE
	EndGlobalSection
	GlobalSection(ExtensibilityGlobals) = postSolution
		SolutionGuid = {5442BBC5-3CB2-4000-82C3-A69E8653C88C}
	EndGlobalSection
EndGlobal
